// !$*UTF8*$!
{
	archiveVersion = 1;
	classes = {
	};
	objectVersion = 50;
	objects = {

/* Begin PBXBuildFile section */
		298CD16521ABCED00073379A /* LabInfo.storyboard in Resources */ = {isa = PBXBuildFile; fileRef = 298CD16421ABCED00073379A /* LabInfo.storyboard */; };
		69EC08FC21AA756100C8E356 /* NextViewController.swift in Sources */ = {isa = PBXBuildFile; fileRef = 69EC08FB21AA756100C8E356 /* NextViewController.swift */; };
		69EC08FE21AA75CE00C8E356 /* LabList.storyboard in Resources */ = {isa = PBXBuildFile; fileRef = 69EC08FD21AA75CE00C8E356 /* LabList.storyboard */; };
		69EC090421AA877400C8E356 /* ThirdViewController.swift in Sources */ = {isa = PBXBuildFile; fileRef = 69EC090321AA877400C8E356 /* ThirdViewController.swift */; };
		69EC090621AA878400C8E356 /* Main3.storyboard in Resources */ = {isa = PBXBuildFile; fileRef = 69EC090521AA878400C8E356 /* Main3.storyboard */; };
		6AF9B55A21AE5403002CE0C0 /* LabViewController.swift in Sources */ = {isa = PBXBuildFile; fileRef = 6AF9B55921AE5403002CE0C0 /* LabViewController.swift */; };
		A895082021AEEC2100287CEC /* SearchViewController.swift in Sources */ = {isa = PBXBuildFile; fileRef = A895081F21AEEC2100287CEC /* SearchViewController.swift */; };
		A8AFDC0421A64E1A00BCF52B /* AppDelegate.swift in Sources */ = {isa = PBXBuildFile; fileRef = A8AFDC0321A64E1A00BCF52B /* AppDelegate.swift */; };
		A8AFDC0621A64E1A00BCF52B /* ViewController.swift in Sources */ = {isa = PBXBuildFile; fileRef = A8AFDC0521A64E1A00BCF52B /* ViewController.swift */; };
		A8AFDC0921A64E1A00BCF52B /* Main.storyboard in Resources */ = {isa = PBXBuildFile; fileRef = A8AFDC0721A64E1A00BCF52B /* Main.storyboard */; };
		A8AFDC0E21A64E1C00BCF52B /* LaunchScreen.storyboard in Resources */ = {isa = PBXBuildFile; fileRef = A8AFDC0C21A64E1C00BCF52B /* LaunchScreen.storyboard */; };
		A8AFDC1921A64E1D00BCF52B /* modeling_ateamTests.swift in Sources */ = {isa = PBXBuildFile; fileRef = A8AFDC1821A64E1D00BCF52B /* modeling_ateamTests.swift */; };
		A8AFDC2421A64E1D00BCF52B /* modeling_ateamUITests.swift in Sources */ = {isa = PBXBuildFile; fileRef = A8AFDC2321A64E1D00BCF52B /* modeling_ateamUITests.swift */; };
		A8C3B1552201648800709BBE /* Assets.xcassets in Resources */ = {isa = PBXBuildFile; fileRef = A8C3B1542201648800709BBE /* Assets.xcassets */; };
		A8D2895E21C6196400AFD0AD /* diagnosis.storyboard in Resources */ = {isa = PBXBuildFile; fileRef = A8D2895D21C6196400AFD0AD /* diagnosis.storyboard */; };
		A8D2896021C619F500AFD0AD /* DiagnosisViewController.swift in Sources */ = {isa = PBXBuildFile; fileRef = A8D2895F21C619F500AFD0AD /* DiagnosisViewController.swift */; };
		A8D2896D21C623D600AFD0AD /* CCheckbox.swift in Sources */ = {isa = PBXBuildFile; fileRef = A8D2896421C623D600AFD0AD /* CCheckbox.swift */; };
/* End PBXBuildFile section */

/* Begin PBXContainerItemProxy section */
		A8AFDC1521A64E1D00BCF52B /* PBXContainerItemProxy */ = {
			isa = PBXContainerItemProxy;
			containerPortal = A8AFDBF821A64E1A00BCF52B /* Project object */;
			proxyType = 1;
			remoteGlobalIDString = A8AFDBFF21A64E1A00BCF52B;
			remoteInfo = modeling_ateam;
		};
		A8AFDC2021A64E1D00BCF52B /* PBXContainerItemProxy */ = {
			isa = PBXContainerItemProxy;
			containerPortal = A8AFDBF821A64E1A00BCF52B /* Project object */;
			proxyType = 1;
			remoteGlobalIDString = A8AFDBFF21A64E1A00BCF52B;
			remoteInfo = modeling_ateam;
		};
/* End PBXContainerItemProxy section */

/* Begin PBXFileReference section */
		298CD16421ABCED00073379A /* LabInfo.storyboard */ = {isa = PBXFileReference; lastKnownFileType = file.storyboard; path = LabInfo.storyboard; sourceTree = "<group>"; };
		69EC08FB21AA756100C8E356 /* NextViewController.swift */ = {isa = PBXFileReference; lastKnownFileType = sourcecode.swift; path = NextViewController.swift; sourceTree = "<group>"; };
		69EC08FD21AA75CE00C8E356 /* LabList.storyboard */ = {isa = PBXFileReference; lastKnownFileType = file.storyboard; path = LabList.storyboard; sourceTree = "<group>"; };
		69EC090321AA877400C8E356 /* ThirdViewController.swift */ = {isa = PBXFileReference; lastKnownFileType = sourcecode.swift; path = ThirdViewController.swift; sourceTree = "<group>"; };
		69EC090521AA878400C8E356 /* Main3.storyboard */ = {isa = PBXFileReference; lastKnownFileType = file.storyboard; path = Main3.storyboard; sourceTree = "<group>"; };
		6AF9B55921AE5403002CE0C0 /* LabViewController.swift */ = {isa = PBXFileReference; lastKnownFileType = sourcecode.swift; path = LabViewController.swift; sourceTree = "<group>"; };
		A895081F21AEEC2100287CEC /* SearchViewController.swift */ = {isa = PBXFileReference; lastKnownFileType = sourcecode.swift; path = SearchViewController.swift; sourceTree = "<group>"; };
		A8AFDC0021A64E1A00BCF52B /* modeling_ateam.app */ = {isa = PBXFileReference; explicitFileType = wrapper.application; includeInIndex = 0; path = modeling_ateam.app; sourceTree = BUILT_PRODUCTS_DIR; };
		A8AFDC0321A64E1A00BCF52B /* AppDelegate.swift */ = {isa = PBXFileReference; lastKnownFileType = sourcecode.swift; path = AppDelegate.swift; sourceTree = "<group>"; };
		A8AFDC0521A64E1A00BCF52B /* ViewController.swift */ = {isa = PBXFileReference; lastKnownFileType = sourcecode.swift; path = ViewController.swift; sourceTree = "<group>"; };
		A8AFDC0821A64E1A00BCF52B /* Base */ = {isa = PBXFileReference; lastKnownFileType = file.storyboard; name = Base; path = Base.lproj/Main.storyboard; sourceTree = "<group>"; };
		A8AFDC0D21A64E1C00BCF52B /* Base */ = {isa = PBXFileReference; lastKnownFileType = file.storyboard; name = Base; path = Base.lproj/LaunchScreen.storyboard; sourceTree = "<group>"; };
		A8AFDC0F21A64E1C00BCF52B /* Info.plist */ = {isa = PBXFileReference; lastKnownFileType = text.plist.xml; path = Info.plist; sourceTree = "<group>"; };
		A8AFDC1421A64E1D00BCF52B /* modeling_ateamTests.xctest */ = {isa = PBXFileReference; explicitFileType = wrapper.cfbundle; includeInIndex = 0; path = modeling_ateamTests.xctest; sourceTree = BUILT_PRODUCTS_DIR; };
		A8AFDC1821A64E1D00BCF52B /* modeling_ateamTests.swift */ = {isa = PBXFileReference; lastKnownFileType = sourcecode.swift; path = modeling_ateamTests.swift; sourceTree = "<group>"; };
		A8AFDC1A21A64E1D00BCF52B /* Info.plist */ = {isa = PBXFileReference; lastKnownFileType = text.plist.xml; path = Info.plist; sourceTree = "<group>"; };
		A8AFDC1F21A64E1D00BCF52B /* modeling_ateamUITests.xctest */ = {isa = PBXFileReference; explicitFileType = wrapper.cfbundle; includeInIndex = 0; path = modeling_ateamUITests.xctest; sourceTree = BUILT_PRODUCTS_DIR; };
		A8AFDC2321A64E1D00BCF52B /* modeling_ateamUITests.swift */ = {isa = PBXFileReference; lastKnownFileType = sourcecode.swift; path = modeling_ateamUITests.swift; sourceTree = "<group>"; };
		A8AFDC2521A64E1D00BCF52B /* Info.plist */ = {isa = PBXFileReference; lastKnownFileType = text.plist.xml; path = Info.plist; sourceTree = "<group>"; };
		A8C3B1542201648800709BBE /* Assets.xcassets */ = {isa = PBXFileReference; lastKnownFileType = folder.assetcatalog; path = Assets.xcassets; sourceTree = "<group>"; };
		A8D2895D21C6196400AFD0AD /* diagnosis.storyboard */ = {isa = PBXFileReference; lastKnownFileType = file.storyboard; path = diagnosis.storyboard; sourceTree = "<group>"; };
		A8D2895F21C619F500AFD0AD /* DiagnosisViewController.swift */ = {isa = PBXFileReference; lastKnownFileType = sourcecode.swift; path = DiagnosisViewController.swift; sourceTree = "<group>"; };
		A8D2896421C623D600AFD0AD /* CCheckbox.swift */ = {isa = PBXFileReference; fileEncoding = 4; lastKnownFileType = sourcecode.swift; path = CCheckbox.swift; sourceTree = "<group>"; };
/* End PBXFileReference section */

/* Begin PBXFrameworksBuildPhase section */
		A8AFDBFD21A64E1A00BCF52B /* Frameworks */ = {
			isa = PBXFrameworksBuildPhase;
			buildActionMask = 2147483647;
			files = (
			);
			runOnlyForDeploymentPostprocessing = 0;
		};
		A8AFDC1121A64E1D00BCF52B /* Frameworks */ = {
			isa = PBXFrameworksBuildPhase;
			buildActionMask = 2147483647;
			files = (
			);
			runOnlyForDeploymentPostprocessing = 0;
		};
		A8AFDC1C21A64E1D00BCF52B /* Frameworks */ = {
			isa = PBXFrameworksBuildPhase;
			buildActionMask = 2147483647;
			files = (
			);
			runOnlyForDeploymentPostprocessing = 0;
		};
/* End PBXFrameworksBuildPhase section */

/* Begin PBXGroup section */
		A8AFDBF721A64E1A00BCF52B = {
			isa = PBXGroup;
			children = (
				A8AFDC0221A64E1A00BCF52B /* modeling_ateam */,
				A8AFDC1721A64E1D00BCF52B /* modeling_ateamTests */,
				A8AFDC2221A64E1D00BCF52B /* modeling_ateamUITests */,
				A8AFDC0121A64E1A00BCF52B /* Products */,
			);
			sourceTree = "<group>";
		};
		A8AFDC0121A64E1A00BCF52B /* Products */ = {
			isa = PBXGroup;
			children = (
				A8AFDC0021A64E1A00BCF52B /* modeling_ateam.app */,
				A8AFDC1421A64E1D00BCF52B /* modeling_ateamTests.xctest */,
				A8AFDC1F21A64E1D00BCF52B /* modeling_ateamUITests.xctest */,
			);
			name = Products;
			sourceTree = "<group>";
		};
		A8AFDC0221A64E1A00BCF52B /* modeling_ateam */ = {
			isa = PBXGroup;
			children = (
				A8D2896121C623D600AFD0AD /* CCheckbox */,
				A8AFDC0321A64E1A00BCF52B /* AppDelegate.swift */,
				A8AFDC0521A64E1A00BCF52B /* ViewController.swift */,
				A8AFDC0721A64E1A00BCF52B /* Main.storyboard */,
				A8C3B1542201648800709BBE /* Assets.xcassets */,
				A8AFDC0C21A64E1C00BCF52B /* LaunchScreen.storyboard */,
				A8AFDC0F21A64E1C00BCF52B /* Info.plist */,
				69EC08FB21AA756100C8E356 /* NextViewController.swift */,
				69EC08FD21AA75CE00C8E356 /* LabList.storyboard */,
				A895081F21AEEC2100287CEC /* SearchViewController.swift */,
				69EC090321AA877400C8E356 /* ThirdViewController.swift */,
				69EC090521AA878400C8E356 /* Main3.storyboard */,
				298CD16421ABCED00073379A /* LabInfo.storyboard */,
				6AF9B55921AE5403002CE0C0 /* LabViewController.swift */,
				A8D2895D21C6196400AFD0AD /* diagnosis.storyboard */,
				A8D2895F21C619F500AFD0AD /* DiagnosisViewController.swift */,
			);
			path = modeling_ateam;
			sourceTree = "<group>";
		};
		A8AFDC1721A64E1D00BCF52B /* modeling_ateamTests */ = {
			isa = PBXGroup;
			children = (
				A8AFDC1821A64E1D00BCF52B /* modeling_ateamTests.swift */,
				A8AFDC1A21A64E1D00BCF52B /* Info.plist */,
			);
			path = modeling_ateamTests;
			sourceTree = "<group>";
		};
		A8AFDC2221A64E1D00BCF52B /* modeling_ateamUITests */ = {
			isa = PBXGroup;
			children = (
				A8AFDC2321A64E1D00BCF52B /* modeling_ateamUITests.swift */,
				A8AFDC2521A64E1D00BCF52B /* Info.plist */,
			);
			path = modeling_ateamUITests;
			sourceTree = "<group>";
		};
		A8D2896121C623D600AFD0AD /* CCheckbox */ = {
			isa = PBXGroup;
			children = (
				A8D2896421C623D600AFD0AD /* CCheckbox.swift */,
			);
			path = CCheckbox;
			sourceTree = "<group>";
		};
/* End PBXGroup section */

/* Begin PBXNativeTarget section */
		A8AFDBFF21A64E1A00BCF52B /* modeling_ateam */ = {
			isa = PBXNativeTarget;
			buildConfigurationList = A8AFDC2821A64E1D00BCF52B /* Build configuration list for PBXNativeTarget "modeling_ateam" */;
			buildPhases = (
				A8AFDBFC21A64E1A00BCF52B /* Sources */,
				A8AFDBFD21A64E1A00BCF52B /* Frameworks */,
				A8AFDBFE21A64E1A00BCF52B /* Resources */,
			);
			buildRules = (
			);
			dependencies = (
			);
			name = modeling_ateam;
			productName = modeling_ateam;
			productReference = A8AFDC0021A64E1A00BCF52B /* modeling_ateam.app */;
			productType = "com.apple.product-type.application";
		};
		A8AFDC1321A64E1D00BCF52B /* modeling_ateamTests */ = {
			isa = PBXNativeTarget;
			buildConfigurationList = A8AFDC2B21A64E1D00BCF52B /* Build configuration list for PBXNativeTarget "modeling_ateamTests" */;
			buildPhases = (
				A8AFDC1021A64E1D00BCF52B /* Sources */,
				A8AFDC1121A64E1D00BCF52B /* Frameworks */,
				A8AFDC1221A64E1D00BCF52B /* Resources */,
			);
			buildRules = (
			);
			dependencies = (
				A8AFDC1621A64E1D00BCF52B /* PBXTargetDependency */,
			);
			name = modeling_ateamTests;
			productName = modeling_ateamTests;
			productReference = A8AFDC1421A64E1D00BCF52B /* modeling_ateamTests.xctest */;
			productType = "com.apple.product-type.bundle.unit-test";
		};
		A8AFDC1E21A64E1D00BCF52B /* modeling_ateamUITests */ = {
			isa = PBXNativeTarget;
			buildConfigurationList = A8AFDC2E21A64E1D00BCF52B /* Build configuration list for PBXNativeTarget "modeling_ateamUITests" */;
			buildPhases = (
				A8AFDC1B21A64E1D00BCF52B /* Sources */,
				A8AFDC1C21A64E1D00BCF52B /* Frameworks */,
				A8AFDC1D21A64E1D00BCF52B /* Resources */,
			);
			buildRules = (
			);
			dependencies = (
				A8AFDC2121A64E1D00BCF52B /* PBXTargetDependency */,
			);
			name = modeling_ateamUITests;
			productName = modeling_ateamUITests;
			productReference = A8AFDC1F21A64E1D00BCF52B /* modeling_ateamUITests.xctest */;
			productType = "com.apple.product-type.bundle.ui-testing";
		};
/* End PBXNativeTarget section */

/* Begin PBXProject section */
		A8AFDBF821A64E1A00BCF52B /* Project object */ = {
			isa = PBXProject;
			attributes = {
				LastSwiftUpdateCheck = 1010;
				LastUpgradeCheck = 1010;
				ORGANIZATIONNAME = "yusuke minei";
				TargetAttributes = {
					A8AFDBFF21A64E1A00BCF52B = {
						CreatedOnToolsVersion = 10.1;
					};
					A8AFDC1321A64E1D00BCF52B = {
						CreatedOnToolsVersion = 10.1;
						TestTargetID = A8AFDBFF21A64E1A00BCF52B;
					};
					A8AFDC1E21A64E1D00BCF52B = {
						CreatedOnToolsVersion = 10.1;
						TestTargetID = A8AFDBFF21A64E1A00BCF52B;
					};
				};
			};
			buildConfigurationList = A8AFDBFB21A64E1A00BCF52B /* Build configuration list for PBXProject "modeling_ateam" */;
			compatibilityVersion = "Xcode 9.3";
			developmentRegion = en;
			hasScannedForEncodings = 0;
			knownRegions = (
				en,
				Base,
			);
			mainGroup = A8AFDBF721A64E1A00BCF52B;
			productRefGroup = A8AFDC0121A64E1A00BCF52B /* Products */;
			projectDirPath = "";
			projectRoot = "";
			targets = (
				A8AFDBFF21A64E1A00BCF52B /* modeling_ateam */,
				A8AFDC1321A64E1D00BCF52B /* modeling_ateamTests */,
				A8AFDC1E21A64E1D00BCF52B /* modeling_ateamUITests */,
			);
		};
/* End PBXProject section */

/* Begin PBXResourcesBuildPhase section */
		A8AFDBFE21A64E1A00BCF52B /* Resources */ = {
			isa = PBXResourcesBuildPhase;
			buildActionMask = 2147483647;
			files = (
				A8AFDC0E21A64E1C00BCF52B /* LaunchScreen.storyboard in Resources */,
				A8D2895E21C6196400AFD0AD /* diagnosis.storyboard in Resources */,
				69EC090621AA878400C8E356 /* Main3.storyboard in Resources */,
				298CD16521ABCED00073379A /* LabInfo.storyboard in Resources */,
				A8C3B1552201648800709BBE /* Assets.xcassets in Resources */,
				69EC08FE21AA75CE00C8E356 /* LabList.storyboard in Resources */,
				A8AFDC0921A64E1A00BCF52B /* Main.storyboard in Resources */,
			);
			runOnlyForDeploymentPostprocessing = 0;
		};
		A8AFDC1221A64E1D00BCF52B /* Resources */ = {
			isa = PBXResourcesBuildPhase;
			buildActionMask = 2147483647;
			files = (
			);
			runOnlyForDeploymentPostprocessing = 0;
		};
		A8AFDC1D21A64E1D00BCF52B /* Resources */ = {
			isa = PBXResourcesBuildPhase;
			buildActionMask = 2147483647;
			files = (
			);
			runOnlyForDeploymentPostprocessing = 0;
		};
/* End PBXResourcesBuildPhase section */

/* Begin PBXSourcesBuildPhase section */
		A8AFDBFC21A64E1A00BCF52B /* Sources */ = {
			isa = PBXSourcesBuildPhase;
			buildActionMask = 2147483647;
			files = (
				A8D2896D21C623D600AFD0AD /* CCheckbox.swift in Sources */,
				A895082021AEEC2100287CEC /* SearchViewController.swift in Sources */,
				A8D2896021C619F500AFD0AD /* DiagnosisViewController.swift in Sources */,
				6AF9B55A21AE5403002CE0C0 /* LabViewController.swift in Sources */,
				A8AFDC0621A64E1A00BCF52B /* ViewController.swift in Sources */,
				69EC08FC21AA756100C8E356 /* NextViewController.swift in Sources */,
				69EC090421AA877400C8E356 /* ThirdViewController.swift in Sources */,
				A8AFDC0421A64E1A00BCF52B /* AppDelegate.swift in Sources */,
			);
			runOnlyForDeploymentPostprocessing = 0;
		};
		A8AFDC1021A64E1D00BCF52B /* Sources */ = {
			isa = PBXSourcesBuildPhase;
			buildActionMask = 2147483647;
			files = (
				A8AFDC1921A64E1D00BCF52B /* modeling_ateamTests.swift in Sources */,
			);
			runOnlyForDeploymentPostprocessing = 0;
		};
		A8AFDC1B21A64E1D00BCF52B /* Sources */ = {
			isa = PBXSourcesBuildPhase;
			buildActionMask = 2147483647;
			files = (
				A8AFDC2421A64E1D00BCF52B /* modeling_ateamUITests.swift in Sources */,
			);
			runOnlyForDeploymentPostprocessing = 0;
		};
/* End PBXSourcesBuildPhase section */

/* Begin PBXTargetDependency section */
		A8AFDC1621A64E1D00BCF52B /* PBXTargetDependency */ = {
			isa = PBXTargetDependency;
			target = A8AFDBFF21A64E1A00BCF52B /* modeling_ateam */;
			targetProxy = A8AFDC1521A64E1D00BCF52B /* PBXContainerItemProxy */;
		};
		A8AFDC2121A64E1D00BCF52B /* PBXTargetDependency */ = {
			isa = PBXTargetDependency;
			target = A8AFDBFF21A64E1A00BCF52B /* modeling_ateam */;
			targetProxy = A8AFDC2021A64E1D00BCF52B /* PBXContainerItemProxy */;
		};
/* End PBXTargetDependency section */

/* Begin PBXVariantGroup section */
		A8AFDC0721A64E1A00BCF52B /* Main.storyboard */ = {
			isa = PBXVariantGroup;
			children = (
				A8AFDC0821A64E1A00BCF52B /* Base */,
			);
			name = Main.storyboard;
			sourceTree = "<group>";
		};
		A8AFDC0C21A64E1C00BCF52B /* LaunchScreen.storyboard */ = {
			isa = PBXVariantGroup;
			children = (
				A8AFDC0D21A64E1C00BCF52B /* Base */,
			);
			name = LaunchScreen.storyboard;
			sourceTree = "<group>";
		};
/* End PBXVariantGroup section */

/* Begin XCBuildConfiguration section */
		A8AFDC2621A64E1D00BCF52B /* Debug */ = {
			isa = XCBuildConfiguration;
			buildSettings = {
				ALWAYS_SEARCH_USER_PATHS = NO;
				CLANG_ANALYZER_NONNULL = YES;
				CLANG_ANALYZER_NUMBER_OBJECT_CONVERSION = YES_AGGRESSIVE;
				CLANG_CXX_LANGUAGE_STANDARD = "gnu++14";
				CLANG_CXX_LIBRARY = "libc++";
				CLANG_ENABLE_MODULES = YES;
				CLANG_ENABLE_OBJC_ARC = YES;
				CLANG_ENABLE_OBJC_WEAK = YES;
				CLANG_WARN_BLOCK_CAPTURE_AUTORELEASING = YES;
				CLANG_WARN_BOOL_CONVERSION = YES;
				CLANG_WARN_COMMA = YES;
				CLANG_WARN_CONSTANT_CONVERSION = YES;
				CLANG_WARN_DEPRECATED_OBJC_IMPLEMENTATIONS = YES;
				CLANG_WARN_DIRECT_OBJC_ISA_USAGE = YES_ERROR;
				CLANG_WARN_DOCUMENTATION_COMMENTS = YES;
				CLANG_WARN_EMPTY_BODY = YES;
				CLANG_WARN_ENUM_CONVERSION = YES;
				CLANG_WARN_INFINITE_RECURSION = YES;
				CLANG_WARN_INT_CONVERSION = YES;
				CLANG_WARN_NON_LITERAL_NULL_CONVERSION = YES;
				CLANG_WARN_OBJC_IMPLICIT_RETAIN_SELF = YES;
				CLANG_WARN_OBJC_LITERAL_CONVERSION = YES;
				CLANG_WARN_OBJC_ROOT_CLASS = YES_ERROR;
				CLANG_WARN_RANGE_LOOP_ANALYSIS = YES;
				CLANG_WARN_STRICT_PROTOTYPES = YES;
				CLANG_WARN_SUSPICIOUS_MOVE = YES;
				CLANG_WARN_UNGUARDED_AVAILABILITY = YES_AGGRESSIVE;
				CLANG_WARN_UNREACHABLE_CODE = YES;
				CLANG_WARN__DUPLICATE_METHOD_MATCH = YES;
				CODE_SIGN_IDENTITY = "iPhone Developer";
				COPY_PHASE_STRIP = NO;
				DEBUG_INFORMATION_FORMAT = dwarf;
				ENABLE_STRICT_OBJC_MSGSEND = YES;
				ENABLE_TESTABILITY = YES;
				GCC_C_LANGUAGE_STANDARD = gnu11;
				GCC_DYNAMIC_NO_PIC = NO;
				GCC_NO_COMMON_BLOCKS = YES;
				GCC_OPTIMIZATION_LEVEL = 0;
				GCC_PREPROCESSOR_DEFINITIONS = (
					"DEBUG=1",
					"$(inherited)",
				);
				GCC_WARN_64_TO_32_BIT_CONVERSION = YES;
				GCC_WARN_ABOUT_RETURN_TYPE = YES_ERROR;
				GCC_WARN_UNDECLARED_SELECTOR = YES;
				GCC_WARN_UNINITIALIZED_AUTOS = YES_AGGRESSIVE;
				GCC_WARN_UNUSED_FUNCTION = YES;
				GCC_WARN_UNUSED_VARIABLE = YES;
				IPHONEOS_DEPLOYMENT_TARGET = 12.1;
				MTL_ENABLE_DEBUG_INFO = INCLUDE_SOURCE;
				MTL_FAST_MATH = YES;
				ONLY_ACTIVE_ARCH = YES;
				SDKROOT = iphoneos;
				SWIFT_ACTIVE_COMPILATION_CONDITIONS = DEBUG;
				SWIFT_OPTIMIZATION_LEVEL = "-Onone";
			};
			name = Debug;
		};
		A8AFDC2721A64E1D00BCF52B /* Release */ = {
			isa = XCBuildConfiguration;
			buildSettings = {
				ALWAYS_SEARCH_USER_PATHS = NO;
				CLANG_ANALYZER_NONNULL = YES;
				CLANG_ANALYZER_NUMBER_OBJECT_CONVERSION = YES_AGGRESSIVE;
				CLANG_CXX_LANGUAGE_STANDARD = "gnu++14";
				CLANG_CXX_LIBRARY = "libc++";
				CLANG_ENABLE_MODULES = YES;
				CLANG_ENABLE_OBJC_ARC = YES;
				CLANG_ENABLE_OBJC_WEAK = YES;
				CLANG_WARN_BLOCK_CAPTURE_AUTORELEASING = YES;
				CLANG_WARN_BOOL_CONVERSION = YES;
				CLANG_WARN_COMMA = YES;
				CLANG_WARN_CONSTANT_CONVERSION = YES;
				CLANG_WARN_DEPRECATED_OBJC_IMPLEMENTATIONS = YES;
				CLANG_WARN_DIRECT_OBJC_ISA_USAGE = YES_ERROR;
				CLANG_WARN_DOCUMENTATION_COMMENTS = YES;
				CLANG_WARN_EMPTY_BODY = YES;
				CLANG_WARN_ENUM_CONVERSION = YES;
				CLANG_WARN_INFINITE_RECURSION = YES;
				CLANG_WARN_INT_CONVERSION = YES;
				CLANG_WARN_NON_LITERAL_NULL_CONVERSION = YES;
				CLANG_WARN_OBJC_IMPLICIT_RETAIN_SELF = YES;
				CLANG_WARN_OBJC_LITERAL_CONVERSION = YES;
				CLANG_WARN_OBJC_ROOT_CLASS = YES_ERROR;
				CLANG_WARN_RANGE_LOOP_ANALYSIS = YES;
				CLANG_WARN_STRICT_PROTOTYPES = YES;
				CLANG_WARN_SUSPICIOUS_MOVE = YES;
				CLANG_WARN_UNGUARDED_AVAILABILITY = YES_AGGRESSIVE;
				CLANG_WARN_UNREACHABLE_CODE = YES;
				CLANG_WARN__DUPLICATE_METHOD_MATCH = YES;
				CODE_SIGN_IDENTITY = "iPhone Developer";
				COPY_PHASE_STRIP = NO;
				DEBUG_INFORMATION_FORMAT = "dwarf-with-dsym";
				ENABLE_NS_ASSERTIONS = NO;
				ENABLE_STRICT_OBJC_MSGSEND = YES;
				GCC_C_LANGUAGE_STANDARD = gnu11;
				GCC_NO_COMMON_BLOCKS = YES;
				GCC_WARN_64_TO_32_BIT_CONVERSION = YES;
				GCC_WARN_ABOUT_RETURN_TYPE = YES_ERROR;
				GCC_WARN_UNDECLARED_SELECTOR = YES;
				GCC_WARN_UNINITIALIZED_AUTOS = YES_AGGRESSIVE;
				GCC_WARN_UNUSED_FUNCTION = YES;
				GCC_WARN_UNUSED_VARIABLE = YES;
				IPHONEOS_DEPLOYMENT_TARGET = 12.1;
				MTL_ENABLE_DEBUG_INFO = NO;
				MTL_FAST_MATH = YES;
				SDKROOT = iphoneos;
				SWIFT_COMPILATION_MODE = wholemodule;
				SWIFT_OPTIMIZATION_LEVEL = "-O";
				VALIDATE_PRODUCT = YES;
			};
			name = Release;
		};
		A8AFDC2921A64E1D00BCF52B /* Debug */ = {
			isa = XCBuildConfiguration;
			buildSettings = {
				ASSETCATALOG_COMPILER_APPICON_NAME = AppIcon;
				CODE_SIGN_STYLE = Automatic;
				DEVELOPMENT_TEAM = W8QAJD494D;
				INFOPLIST_FILE = modeling_ateam/Info.plist;
				LD_RUNPATH_SEARCH_PATHS = (
					"$(inherited)",
					"@executable_path/Frameworks",
				);
				PRODUCT_BUNDLE_IDENTIFIER = "modeling-ateam";
				PRODUCT_NAME = "$(TARGET_NAME)";
				SWIFT_VERSION = 4.2;
				TARGETED_DEVICE_FAMILY = "1,2";
			};
			name = Debug;
		};
		A8AFDC2A21A64E1D00BCF52B /* Release */ = {
			isa = XCBuildConfiguration;
			buildSettings = {
				ASSETCATALOG_COMPILER_APPICON_NAME = AppIcon;
				CODE_SIGN_STYLE = Automatic;
				DEVELOPMENT_TEAM = W8QAJD494D;
				INFOPLIST_FILE = modeling_ateam/Info.plist;
				LD_RUNPATH_SEARCH_PATHS = (
					"$(inherited)",
					"@executable_path/Frameworks",
				);
				PRODUCT_BUNDLE_IDENTIFIER = "modeling-ateam";
				PRODUCT_NAME = "$(TARGET_NAME)";
				SWIFT_VERSION = 4.2;
				TARGETED_DEVICE_FAMILY = "1,2";
			};
			name = Release;
		};
		A8AFDC2C21A64E1D00BCF52B /* Debug */ = {
			isa = XCBuildConfiguration;
			buildSettings = {
				ALWAYS_EMBED_SWIFT_STANDARD_LIBRARIES = YES;
				BUNDLE_LOADER = "$(TEST_HOST)";
				CODE_SIGN_STYLE = Automatic;
				DEVELOPMENT_TEAM = YYGU7L369Q;
				INFOPLIST_FILE = modeling_ateamTests/Info.plist;
				LD_RUNPATH_SEARCH_PATHS = (
					"$(inherited)",
					"@executable_path/Frameworks",
					"@loader_path/Frameworks",
				);
				PRODUCT_BUNDLE_IDENTIFIER = "modeling-ateam.modeling-ateamTests";
				PRODUCT_NAME = "$(TARGET_NAME)";
				SWIFT_VERSION = 4.2;
				TARGETED_DEVICE_FAMILY = "1,2";
				TEST_HOST = "$(BUILT_PRODUCTS_DIR)/modeling_ateam.app/modeling_ateam";
			};
			name = Debug;
		};
		A8AFDC2D21A64E1D00BCF52B /* Release */ = {
			isa = XCBuildConfiguration;
			buildSettings = {
				ALWAYS_EMBED_SWIFT_STANDARD_LIBRARIES = YES;
				BUNDLE_LOADER = "$(TEST_HOST)";
				CODE_SIGN_STYLE = Automatic;
				DEVELOPMENT_TEAM = YYGU7L369Q;
				INFOPLIST_FILE = modeling_ateamTests/Info.plist;
				LD_RUNPATH_SEARCH_PATHS = (
					"$(inherited)",
					"@executable_path/Frameworks",
					"@loader_path/Frameworks",
				);
				PRODUCT_BUNDLE_IDENTIFIER = "modeling-ateam.modeling-ateamTests";
				PRODUCT_NAME = "$(TARGET_NAME)";
				SWIFT_VERSION = 4.2;
				TARGETED_DEVICE_FAMILY = "1,2";
				TEST_HOST = "$(BUILT_PRODUCTS_DIR)/modeling_ateam.app/modeling_ateam";
			};
			name = Release;
		};
		A8AFDC2F21A64E1D00BCF52B /* Debug */ = {
			isa = XCBuildConfiguration;
			buildSettings = {
				ALWAYS_EMBED_SWIFT_STANDARD_LIBRARIES = YES;
				CODE_SIGN_STYLE = Automatic;
				DEVELOPMENT_TEAM = YYGU7L369Q;
				INFOPLIST_FILE = modeling_ateamUITests/Info.plist;
				LD_RUNPATH_SEARCH_PATHS = (
					"$(inherited)",
					"@executable_path/Frameworks",
					"@loader_path/Frameworks",
				);
				PRODUCT_BUNDLE_IDENTIFIER = "modeling-ateam.modeling-ateamUITests";
				PRODUCT_NAME = "$(TARGET_NAME)";
				SWIFT_VERSION = 4.2;
				TARGETED_DEVICE_FAMILY = "1,2";
				TEST_TARGET_NAME = modeling_ateam;
			};
			name = Debug;
		};
		A8AFDC3021A64E1D00BCF52B /* Release */ = {
			isa = XCBuildConfiguration;
			buildSettings = {
				ALWAYS_EMBED_SWIFT_STANDARD_LIBRARIES = YES;
				CODE_SIGN_STYLE = Automatic;
				DEVELOPMENT_TEAM = YYGU7L369Q;
				INFOPLIST_FILE = modeling_ateamUITests/Info.plist;
				LD_RUNPATH_SEARCH_PATHS = (
					"$(inherited)",
					"@executable_path/Frameworks",
					"@loader_path/Frameworks",
				);
				PRODUCT_BUNDLE_IDENTIFIER = "modeling-ateam.modeling-ateamUITests";
				PRODUCT_NAME = "$(TARGET_NAME)";
				SWIFT_VERSION = 4.2;
				TARGETED_DEVICE_FAMILY = "1,2";
				TEST_TARGET_NAME = modeling_ateam;
			};
			name = Release;
		};
/* End XCBuildConfiguration section */

/* Begin XCConfigurationList section */
		A8AFDBFB21A64E1A00BCF52B /* Build configuration list for PBXProject "modeling_ateam" */ = {
			isa = XCConfigurationList;
			buildConfigurations = (
				A8AFDC2621A64E1D00BCF52B /* Debug */,
				A8AFDC2721A64E1D00BCF52B /* Release */,
			);
			defaultConfigurationIsVisible = 0;
			defaultConfigurationName = Release;
		};
		A8AFDC2821A64E1D00BCF52B /* Build configuration list for PBXNativeTarget "modeling_ateam" */ = {
			isa = XCConfigurationList;
			buildConfigurations = (
				A8AFDC2921A64E1D00BCF52B /* Debug */,
				A8AFDC2A21A64E1D00BCF52B /* Release */,
			);
			defaultConfigurationIsVisible = 0;
			defaultConfigurationName = Release;
		};
		A8AFDC2B21A64E1D00BCF52B /* Build configuration list for PBXNativeTarget "modeling_ateamTests" */ = {
			isa = XCConfigurationList;
			buildConfigurations = (
				A8AFDC2C21A64E1D00BCF52B /* Debug */,
				A8AFDC2D21A64E1D00BCF52B /* Release */,
			);
			defaultConfigurationIsVisible = 0;
			defaultConfigurationName = Release;
		};
		A8AFDC2E21A64E1D00BCF52B /* Build configuration list for PBXNativeTarget "modeling_ateamUITests" */ = {
			isa = XCConfigurationList;
			buildConfigurations = (
				A8AFDC2F21A64E1D00BCF52B /* Debug */,
				A8AFDC3021A64E1D00BCF52B /* Release */,
			);
			defaultConfigurationIsVisible = 0;
			defaultConfigurationName = Release;
		};
/* End XCConfigurationList section */
	};
	rootObject = A8AFDBF821A64E1A00BCF52B /* Project object */;
}
